
Microsoft Visual Studio Solution File, Format Version 12.00
# Visual Studio 15
Project("{FAE04EC0-301F-11D3-BF4B-00C04F79EFBC}") = "UnityEngine.TestRunner", "UnityEngine.TestRunner.csproj", "{2BEEF81E-0965-B970-6EFD-0C5819C5A42C}"
EndProject
Project("{FAE04EC0-301F-11D3-BF4B-00C04F79EFBC}") = "Unity.Mathematics", "Unity.Mathematics.csproj", "{500CBDE2-97BA-EA5F-9C8E-1573462343C2}"
EndProject
Project("{FAE04EC0-301F-11D3-BF4B-00C04F79EFBC}") = "Unity.Timeline", "Unity.Timeline.csproj", "{3ACE769C-3EAC-1909-B50F-1D622F1E6910}"
EndProject
Project("{FAE04EC0-301F-11D3-BF4B-00C04F79EFBC}") = "Assembly-CSharp", "Assembly-CSharp.csproj", "{A116BFF6-F72D-89E2-9520-BD215B2E28A4}"
EndProject
Project("{FAE04EC0-301F-11D3-BF4B-00C04F79EFBC}") = "UnityEngine.UI", "UnityEngine.UI.csproj", "{AFB5220D-F2AA-BA65-AA02-2AC2058D87A2}"
EndProject
Project("{FAE04EC0-301F-11D3-BF4B-00C04F79EFBC}") = "Unity.TextMeshPro", "Unity.TextMeshPro.csproj", "{795E3517-C797-D1BE-50B3-9B184061042F}"
EndProject
Project("{FAE04EC0-301F-11D3-BF4B-00C04F79EFBC}") = "Unity.2D.Animation.Runtime", "Unity.2D.Animation.Runtime.csproj", "{71580E7E-5677-EE35-5355-969F54A58949}"
EndProject
Project("{FAE04EC0-301F-11D3-BF4B-00C04F79EFBC}") = "Unity.2D.IK.Runtime", "Unity.2D.IK.Runtime.csproj", "{E8159891-9196-36BB-3E09-FC41B7CB5293}"
EndProject
Project("{FAE04EC0-301F-11D3-BF4B-00C04F79EFBC}") = "Unity.2D.SpriteShape.Runtime", "Unity.2D.SpriteShape.Runtime.csproj", "{2AAB3B25-9B78-BDE7-8D34-65EC4262BB4C}"
EndProject
Project("{FAE04EC0-301F-11D3-BF4B-00C04F79EFBC}") = "Unity.2D.PixelPerfect", "Unity.2D.PixelPerfect.csproj", "{DC359EAC-151E-DFFD-EB68-5517808DFA0A}"
EndProject
Project("{FAE04EC0-301F-11D3-BF4B-00C04F79EFBC}") = "Unity.2D.Common.Runtime", "Unity.2D.Common.Runtime.csproj", "{C30DC6C8-EF1A-29C1-B6A1-EA338B5ED5B5}"
EndProject
Project("{FAE04EC0-301F-11D3-BF4B-00C04F79EFBC}") = "Unity.InternalAPIEngineBridge.001", "Unity.InternalAPIEngineBridge.001.csproj", "{996F062E-6F7F-9572-654C-22B93611E01B}"
EndProject
Project("{FAE04EC0-301F-11D3-BF4B-00C04F79EFBC}") = "UnityEditor.TestRunner", "UnityEditor.TestRunner.csproj", "{4F0D14EC-67CA-1256-D841-6E280C878075}"
EndProject
Project("{FAE04EC0-301F-11D3-BF4B-00C04F79EFBC}") = "Unity.PlasticSCM.Editor", "Unity.PlasticSCM.Editor.csproj", "{58D34008-0B50-5EBA-8581-2097AB664724}"
EndProject
Project("{FAE04EC0-301F-11D3-BF4B-00C04F79EFBC}") = "Unity.2D.Animation.Triangle.Editor", "Unity.2D.Animation.Triangle.Editor.csproj", "{122F8427-3F37-6BA3-8EA9-1608011A4EA9}"
EndProject
Project("{FAE04EC0-301F-11D3-BF4B-00C04F79EFBC}") = "com.unity.quicksearch", "com.unity.quicksearch.csproj", "{C4A4B30F-AE46-8344-5423-0429F7AC35DD}"
EndProject
Project("{FAE04EC0-301F-11D3-BF4B-00C04F79EFBC}") = "UnityEditor.UI", "UnityEditor.UI.csproj", "{2A0187B6-5900-98A1-24CA-FE3E819E3505}"
EndProject
Project("{FAE04EC0-301F-11D3-BF4B-00C04F79EFBC}") = "Unity.Services.Core.Editor", "Unity.Services.Core.Editor.csproj", "{1BFC42AC-863D-7EE4-0326-213AA672CF3D}"
EndProject
Project("{FAE04EC0-301F-11D3-BF4B-00C04F79EFBC}") = "Unity.Timeline.Editor", "Unity.Timeline.Editor.csproj", "{561B1A64-E61D-592D-0EBC-E2826D54188D}"
EndProject
Project("{FAE04EC0-301F-11D3-BF4B-00C04F79EFBC}") = "Unity.VisualStudio.Editor", "Unity.VisualStudio.Editor.csproj", "{9B771623-C82D-A42C-73D7-22C6A77BB5C0}"
EndProject
Project("{FAE04EC0-301F-11D3-BF4B-00C04F79EFBC}") = "Unity.2D.Psdimporter.Editor", "Unity.2D.Psdimporter.Editor.csproj", "{2E053C01-8327-FFB3-CA10-E1B8520BE4DC}"
EndProject
Project("{FAE04EC0-301F-11D3-BF4B-00C04F79EFBC}") = "Unity.2D.Animation.Editor", "Unity.2D.Animation.Editor.csproj", "{1F3F2DD7-2065-4047-8511-BEC0C8223970}"
EndProject
Project("{FAE04EC0-301F-11D3-BF4B-00C04F79EFBC}") = "Unity.TextMeshPro.Editor", "Unity.TextMeshPro.Editor.csproj", "{3862F5F9-2B6D-B65C-20A4-F50EB619BE54}"
EndProject
Project("{FAE04EC0-301F-11D3-BF4B-00C04F79EFBC}") = "Unity.2D.SpriteShape.Editor", "Unity.2D.SpriteShape.Editor.csproj", "{5897BD8B-6AEF-22E5-2E54-82ED5BB95FBD}"
EndProject
Project("{FAE04EC0-301F-11D3-BF4B-00C04F79EFBC}") = "Unity.CollabProxy.Editor", "Unity.CollabProxy.Editor.csproj", "{0626E1F5-AC9E-6F1B-CD21-7711A520E1A8}"
EndProject
Project("{FAE04EC0-301F-11D3-BF4B-00C04F79EFBC}") = "PsdPlugin", "PsdPlugin.csproj", "{E124CCFD-C39B-68F3-0A69-386A8A43F5A5}"
EndProject
Project("{FAE04EC0-301F-11D3-BF4B-00C04F79EFBC}") = "Unity.2D.Path.Editor", "Unity.2D.Path.Editor.csproj", "{75CE8138-49F7-5DCD-E831-D3F8D1A0E0BD}"
EndProject
Project("{FAE04EC0-301F-11D3-BF4B-00C04F79EFBC}") = "Unity.Rider.Editor", "Unity.Rider.Editor.csproj", "{0756B71F-3954-1745-A097-055B49BA8E4E}"
EndProject
Project("{FAE04EC0-301F-11D3-BF4B-00C04F79EFBC}") = "Unity.2D.IK.Editor", "Unity.2D.IK.Editor.csproj", "{78F7A56A-9589-91D1-EF79-508C547C7EB3}"
EndProject
Project("{FAE04EC0-301F-11D3-BF4B-00C04F79EFBC}") = "Unity.2D.Sprite.Editor", "Unity.2D.Sprite.Editor.csproj", "{AF5B3ADB-9166-F290-1595-4EB8A3505285}"
EndProject
Project("{FAE04EC0-301F-11D3-BF4B-00C04F79EFBC}") = "Unity.2D.Tilemap.Editor", "Unity.2D.Tilemap.Editor.csproj", "{51C2D728-0ECA-BCC7-5C09-F2BB77434090}"
EndProject
Project("{FAE04EC0-301F-11D3-BF4B-00C04F79EFBC}") = "Unity.2D.PixelPerfect.Editor", "Unity.2D.PixelPerfect.Editor.csproj", "{19FFA406-9410-55E9-BEA3-20B347C3399F}"
EndProject
Project("{FAE04EC0-301F-11D3-BF4B-00C04F79EFBC}") = "Unity.VSCode.Editor", "Unity.VSCode.Editor.csproj", "{D3E0CB89-D734-75DA-08FD-1006D140AC34}"
EndProject
Project("{FAE04EC0-301F-11D3-BF4B-00C04F79EFBC}") = "Unity.2D.Common.Editor", "Unity.2D.Common.Editor.csproj", "{58C37A8E-C73C-7B95-49AF-0E07D884169D}"
EndProject
Project("{FAE04EC0-301F-11D3-BF4B-00C04F79EFBC}") = "Unity.Mathematics.Editor", "Unity.Mathematics.Editor.csproj", "{8C929BD0-1DD1-E164-5939-9298285775ED}"
EndProject
Project("{FAE04EC0-301F-11D3-BF4B-00C04F79EFBC}") = "Unity.InternalAPIEditorBridge.001", "Unity.InternalAPIEditorBridge.001.csproj", "{A2B4ECB4-C4A2-9E12-D871-3F9B5D164C65}"
EndProject
Project("{FAE04EC0-301F-11D3-BF4B-00C04F79EFBC}") = "UnityEngine.TestRunner", "UnityEngine.TestRunner.Player.csproj", "{3C5769ED-12CE-7A94-545C-08271E14EEF9}"
EndProject
Project("{FAE04EC0-301F-11D3-BF4B-00C04F79EFBC}") = "Unity.Mathematics", "Unity.Mathematics.Player.csproj", "{2B2875D3-BAB5-26BE-D8A3-9210FD6E04BC}"
EndProject
Project("{FAE04EC0-301F-11D3-BF4B-00C04F79EFBC}") = "Unity.Timeline", "Unity.Timeline.Player.csproj", "{5D591446-4424-C4C5-D04C-911F5A714F0B}"
EndProject
Project("{FAE04EC0-301F-11D3-BF4B-00C04F79EFBC}") = "Assembly-CSharp", "Assembly-CSharp.Player.csproj", "{32286F3E-72DE-4913-0E25-D97F88157EAB}"
EndProject
Project("{FAE04EC0-301F-11D3-BF4B-00C04F79EFBC}") = "UnityEngine.UI", "UnityEngine.UI.Player.csproj", "{371E6505-B00E-8EAB-B7B1-D9CEF9D68C1C}"
EndProject
Project("{FAE04EC0-301F-11D3-BF4B-00C04F79EFBC}") = "Unity.TextMeshPro", "Unity.TextMeshPro.Player.csproj", "{C9BC4E0D-BA8D-C8D4-5199-74FCC102B6A1}"
EndProject
Project("{FAE04EC0-301F-11D3-BF4B-00C04F79EFBC}") = "Unity.2D.Animation.Runtime", "Unity.2D.Animation.Runtime.Player.csproj", "{2F370BC7-6B16-B4C8-DA58-86DF94A92696}"
EndProject
Project("{FAE04EC0-301F-11D3-BF4B-00C04F79EFBC}") = "Unity.2D.IK.Runtime", "Unity.2D.IK.Runtime.Player.csproj", "{72FC3E1D-5E89-4184-3A29-5996144AB65B}"
EndProject
Project("{FAE04EC0-301F-11D3-BF4B-00C04F79EFBC}") = "Unity.2D.SpriteShape.Runtime", "Unity.2D.SpriteShape.Runtime.Player.csproj", "{7C6F8CE8-4252-72FC-D424-7DF6D432E510}"
EndProject
Project("{FAE04EC0-301F-11D3-BF4B-00C04F79EFBC}") = "Unity.2D.PixelPerfect", "Unity.2D.PixelPerfect.Player.csproj", "{918ADFB1-ADBC-82B9-4946-8BAACBEDE52C}"
EndProject
Project("{FAE04EC0-301F-11D3-BF4B-00C04F79EFBC}") = "Unity.2D.Common.Runtime", "Unity.2D.Common.Runtime.Player.csproj", "{659E26A6-2F6C-53AE-93A2-9F109BC077CA}"
EndProject
Project("{FAE04EC0-301F-11D3-BF4B-00C04F79EFBC}") = "Unity.InternalAPIEngineBridge.001", "Unity.InternalAPIEngineBridge.001.Player.csproj", "{98492F63-839C-6086-5ECF-C3AFFEA55270}"
EndProject
Global
	GlobalSection(SolutionConfigurationPlatforms) = preSolution
		Debug|Any CPU = Debug|Any CPU
		Release|Any CPU = Release|Any CPU
	EndGlobalSection
	GlobalSection(ProjectConfigurationPlatforms) = postSolution
		{2BEEF81E-0965-B970-6EFD-0C5819C5A42C}.Debug|Any CPU.ActiveCfg = Debug|Any CPU
		{2BEEF81E-0965-B970-6EFD-0C5819C5A42C}.Debug|Any CPU.Build.0 = Debug|Any CPU
		{2BEEF81E-0965-B970-6EFD-0C5819C5A42C}.Release|Any CPU.ActiveCfg = Release|Any CPU
		{2BEEF81E-0965-B970-6EFD-0C5819C5A42C}.Release|Any CPU.Build.0 = Release|Any CPU
		{500CBDE2-97BA-EA5F-9C8E-1573462343C2}.Debug|Any CPU.ActiveCfg = Debug|Any CPU
		{500CBDE2-97BA-EA5F-9C8E-1573462343C2}.Debug|Any CPU.Build.0 = Debug|Any CPU
		{500CBDE2-97BA-EA5F-9C8E-1573462343C2}.Release|Any CPU.ActiveCfg = Release|Any CPU
		{500CBDE2-97BA-EA5F-9C8E-1573462343C2}.Release|Any CPU.Build.0 = Release|Any CPU
		{3ACE769C-3EAC-1909-B50F-1D622F1E6910}.Debug|Any CPU.ActiveCfg = Debug|Any CPU
		{3ACE769C-3EAC-1909-B50F-1D622F1E6910}.Debug|Any CPU.Build.0 = Debug|Any CPU
		{3ACE769C-3EAC-1909-B50F-1D622F1E6910}.Release|Any CPU.ActiveCfg = Release|Any CPU
		{3ACE769C-3EAC-1909-B50F-1D622F1E6910}.Release|Any CPU.Build.0 = Release|Any CPU
		{A116BFF6-F72D-89E2-9520-BD215B2E28A4}.Debug|Any CPU.ActiveCfg = Debug|Any CPU
		{A116BFF6-F72D-89E2-9520-BD215B2E28A4}.Debug|Any CPU.Build.0 = Debug|Any CPU
		{A116BFF6-F72D-89E2-9520-BD215B2E28A4}.Release|Any CPU.ActiveCfg = Release|Any CPU
		{A116BFF6-F72D-89E2-9520-BD215B2E28A4}.Release|Any CPU.Build.0 = Release|Any CPU
		{AFB5220D-F2AA-BA65-AA02-2AC2058D87A2}.Debug|Any CPU.ActiveCfg = Debug|Any CPU
		{AFB5220D-F2AA-BA65-AA02-2AC2058D87A2}.Debug|Any CPU.Build.0 = Debug|Any CPU
		{AFB5220D-F2AA-BA65-AA02-2AC2058D87A2}.Release|Any CPU.ActiveCfg = Release|Any CPU
		{AFB5220D-F2AA-BA65-AA02-2AC2058D87A2}.Release|Any CPU.Build.0 = Release|Any CPU
		{795E3517-C797-D1BE-50B3-9B184061042F}.Debug|Any CPU.ActiveCfg = Debug|Any CPU
		{795E3517-C797-D1BE-50B3-9B184061042F}.Debug|Any CPU.Build.0 = Debug|Any CPU
		{795E3517-C797-D1BE-50B3-9B184061042F}.Release|Any CPU.ActiveCfg = Release|Any CPU
		{795E3517-C797-D1BE-50B3-9B184061042F}.Release|Any CPU.Build.0 = Release|Any CPU
		{71580E7E-5677-EE35-5355-969F54A58949}.Debug|Any CPU.ActiveCfg = Debug|Any CPU
		{71580E7E-5677-EE35-5355-969F54A58949}.Debug|Any CPU.Build.0 = Debug|Any CPU
		{71580E7E-5677-EE35-5355-969F54A58949}.Release|Any CPU.ActiveCfg = Release|Any CPU
		{71580E7E-5677-EE35-5355-969F54A58949}.Release|Any CPU.Build.0 = Release|Any CPU
		{E8159891-9196-36BB-3E09-FC41B7CB5293}.Debug|Any CPU.ActiveCfg = Debug|Any CPU
		{E8159891-9196-36BB-3E09-FC41B7CB5293}.Debug|Any CPU.Build.0 = Debug|Any CPU
		{E8159891-9196-36BB-3E09-FC41B7CB5293}.Release|Any CPU.ActiveCfg = Release|Any CPU
		{E8159891-9196-36BB-3E09-FC41B7CB5293}.Release|Any CPU.Build.0 = Release|Any CPU
		{2AAB3B25-9B78-BDE7-8D34-65EC4262BB4C}.Debug|Any CPU.ActiveCfg = Debug|Any CPU
		{2AAB3B25-9B78-BDE7-8D34-65EC4262BB4C}.Debug|Any CPU.Build.0 = Debug|Any CPU
		{2AAB3B25-9B78-BDE7-8D34-65EC4262BB4C}.Release|Any CPU.ActiveCfg = Release|Any CPU
		{2AAB3B25-9B78-BDE7-8D34-65EC4262BB4C}.Release|Any CPU.Build.0 = Release|Any CPU
		{DC359EAC-151E-DFFD-EB68-5517808DFA0A}.Debug|Any CPU.ActiveCfg = Debug|Any CPU
		{DC359EAC-151E-DFFD-EB68-5517808DFA0A}.Debug|Any CPU.Build.0 = Debug|Any CPU
		{DC359EAC-151E-DFFD-EB68-5517808DFA0A}.Release|Any CPU.ActiveCfg = Release|Any CPU
		{DC359EAC-151E-DFFD-EB68-5517808DFA0A}.Release|Any CPU.Build.0 = Release|Any CPU
		{C30DC6C8-EF1A-29C1-B6A1-EA338B5ED5B5}.Debug|Any CPU.ActiveCfg = Debug|Any CPU
		{C30DC6C8-EF1A-29C1-B6A1-EA338B5ED5B5}.Debug|Any CPU.Build.0 = Debug|Any CPU
		{C30DC6C8-EF1A-29C1-B6A1-EA338B5ED5B5}.Release|Any CPU.ActiveCfg = Release|Any CPU
		{C30DC6C8-EF1A-29C1-B6A1-EA338B5ED5B5}.Release|Any CPU.Build.0 = Release|Any CPU
		{996F062E-6F7F-9572-654C-22B93611E01B}.Debug|Any CPU.ActiveCfg = Debug|Any CPU
		{996F062E-6F7F-9572-654C-22B93611E01B}.Debug|Any CPU.Build.0 = Debug|Any CPU
		{996F062E-6F7F-9572-654C-22B93611E01B}.Release|Any CPU.ActiveCfg = Release|Any CPU
		{996F062E-6F7F-9572-654C-22B93611E01B}.Release|Any CPU.Build.0 = Release|Any CPU
		{4F0D14EC-67CA-1256-D841-6E280C878075}.Debug|Any CPU.ActiveCfg = Debug|Any CPU
		{4F0D14EC-67CA-1256-D841-6E280C878075}.Debug|Any CPU.Build.0 = Debug|Any CPU
		{4F0D14EC-67CA-1256-D841-6E280C878075}.Release|Any CPU.ActiveCfg = Release|Any CPU
		{4F0D14EC-67CA-1256-D841-6E280C878075}.Release|Any CPU.Build.0 = Release|Any CPU
		{58D34008-0B50-5EBA-8581-2097AB664724}.Debug|Any CPU.ActiveCfg = Debug|Any CPU
		{58D34008-0B50-5EBA-8581-2097AB664724}.Debug|Any CPU.Build.0 = Debug|Any CPU
		{58D34008-0B50-5EBA-8581-2097AB664724}.Release|Any CPU.ActiveCfg = Release|Any CPU
		{58D34008-0B50-5EBA-8581-2097AB664724}.Release|Any CPU.Build.0 = Release|Any CPU
		{122F8427-3F37-6BA3-8EA9-1608011A4EA9}.Debug|Any CPU.ActiveCfg = Debug|Any CPU
		{122F8427-3F37-6BA3-8EA9-1608011A4EA9}.Debug|Any CPU.Build.0 = Debug|Any CPU
		{122F8427-3F37-6BA3-8EA9-1608011A4EA9}.Release|Any CPU.ActiveCfg = Release|Any CPU
		{122F8427-3F37-6BA3-8EA9-1608011A4EA9}.Release|Any CPU.Build.0 = Release|Any CPU
		{C4A4B30F-AE46-8344-5423-0429F7AC35DD}.Debug|Any CPU.ActiveCfg = Debug|Any CPU
		{C4A4B30F-AE46-8344-5423-0429F7AC35DD}.Debug|Any CPU.Build.0 = Debug|Any CPU
		{C4A4B30F-AE46-8344-5423-0429F7AC35DD}.Release|Any CPU.ActiveCfg = Release|Any CPU
		{C4A4B30F-AE46-8344-5423-0429F7AC35DD}.Release|Any CPU.Build.0 = Release|Any CPU
		{2A0187B6-5900-98A1-24CA-FE3E819E3505}.Debug|Any CPU.ActiveCfg = Debug|Any CPU
		{2A0187B6-5900-98A1-24CA-FE3E819E3505}.Debug|Any CPU.Build.0 = Debug|Any CPU
		{2A0187B6-5900-98A1-24CA-FE3E819E3505}.Release|Any CPU.ActiveCfg = Release|Any CPU
		{2A0187B6-5900-98A1-24CA-FE3E819E3505}.Release|Any CPU.Build.0 = Release|Any CPU
		{1BFC42AC-863D-7EE4-0326-213AA672CF3D}.Debug|Any CPU.ActiveCfg = Debug|Any CPU
		{1BFC42AC-863D-7EE4-0326-213AA672CF3D}.Debug|Any CPU.Build.0 = Debug|Any CPU
		{1BFC42AC-863D-7EE4-0326-213AA672CF3D}.Release|Any CPU.ActiveCfg = Release|Any CPU
		{1BFC42AC-863D-7EE4-0326-213AA672CF3D}.Release|Any CPU.Build.0 = Release|Any CPU
		{561B1A64-E61D-592D-0EBC-E2826D54188D}.Debug|Any CPU.ActiveCfg = Debug|Any CPU
		{561B1A64-E61D-592D-0EBC-E2826D54188D}.Debug|Any CPU.Build.0 = Debug|Any CPU
		{561B1A64-E61D-592D-0EBC-E2826D54188D}.Release|Any CPU.ActiveCfg = Release|Any CPU
		{561B1A64-E61D-592D-0EBC-E2826D54188D}.Release|Any CPU.Build.0 = Release|Any CPU
		{9B771623-C82D-A42C-73D7-22C6A77BB5C0}.Debug|Any CPU.ActiveCfg = Debug|Any CPU
		{9B771623-C82D-A42C-73D7-22C6A77BB5C0}.Debug|Any CPU.Build.0 = Debug|Any CPU
		{9B771623-C82D-A42C-73D7-22C6A77BB5C0}.Release|Any CPU.ActiveCfg = Release|Any CPU
		{9B771623-C82D-A42C-73D7-22C6A77BB5C0}.Release|Any CPU.Build.0 = Release|Any CPU
		{2E053C01-8327-FFB3-CA10-E1B8520BE4DC}.Debug|Any CPU.ActiveCfg = Debug|Any CPU
		{2E053C01-8327-FFB3-CA10-E1B8520BE4DC}.Debug|Any CPU.Build.0 = Debug|Any CPU
		{2E053C01-8327-FFB3-CA10-E1B8520BE4DC}.Release|Any CPU.ActiveCfg = Release|Any CPU
		{2E053C01-8327-FFB3-CA10-E1B8520BE4DC}.Release|Any CPU.Build.0 = Release|Any CPU
		{1F3F2DD7-2065-4047-8511-BEC0C8223970}.Debug|Any CPU.ActiveCfg = Debug|Any CPU
		{1F3F2DD7-2065-4047-8511-BEC0C8223970}.Debug|Any CPU.Build.0 = Debug|Any CPU
		{1F3F2DD7-2065-4047-8511-BEC0C8223970}.Release|Any CPU.ActiveCfg = Release|Any CPU
		{1F3F2DD7-2065-4047-8511-BEC0C8223970}.Release|Any CPU.Build.0 = Release|Any CPU
		{3862F5F9-2B6D-B65C-20A4-F50EB619BE54}.Debug|Any CPU.ActiveCfg = Debug|Any CPU
		{3862F5F9-2B6D-B65C-20A4-F50EB619BE54}.Debug|Any CPU.Build.0 = Debug|Any CPU
		{3862F5F9-2B6D-B65C-20A4-F50EB619BE54}.Release|Any CPU.ActiveCfg = Release|Any CPU
		{3862F5F9-2B6D-B65C-20A4-F50EB619BE54}.Release|Any CPU.Build.0 = Release|Any CPU
		{5897BD8B-6AEF-22E5-2E54-82ED5BB95FBD}.Debug|Any CPU.ActiveCfg = Debug|Any CPU
		{5897BD8B-6AEF-22E5-2E54-82ED5BB95FBD}.Debug|Any CPU.Build.0 = Debug|Any CPU
		{5897BD8B-6AEF-22E5-2E54-82ED5BB95FBD}.Release|Any CPU.ActiveCfg = Release|Any CPU
		{5897BD8B-6AEF-22E5-2E54-82ED5BB95FBD}.Release|Any CPU.Build.0 = Release|Any CPU
		{0626E1F5-AC9E-6F1B-CD21-7711A520E1A8}.Debug|Any CPU.ActiveCfg = Debug|Any CPU
		{0626E1F5-AC9E-6F1B-CD21-7711A520E1A8}.Debug|Any CPU.Build.0 = Debug|Any CPU
		{0626E1F5-AC9E-6F1B-CD21-7711A520E1A8}.Release|Any CPU.ActiveCfg = Release|Any CPU
		{0626E1F5-AC9E-6F1B-CD21-7711A520E1A8}.Release|Any CPU.Build.0 = Release|Any CPU
		{E124CCFD-C39B-68F3-0A69-386A8A43F5A5}.Debug|Any CPU.ActiveCfg = Debug|Any CPU
		{E124CCFD-C39B-68F3-0A69-386A8A43F5A5}.Debug|Any CPU.Build.0 = Debug|Any CPU
		{E124CCFD-C39B-68F3-0A69-386A8A43F5A5}.Release|Any CPU.ActiveCfg = Release|Any CPU
		{E124CCFD-C39B-68F3-0A69-386A8A43F5A5}.Release|Any CPU.Build.0 = Release|Any CPU
		{75CE8138-49F7-5DCD-E831-D3F8D1A0E0BD}.Debug|Any CPU.ActiveCfg = Debug|Any CPU
		{75CE8138-49F7-5DCD-E831-D3F8D1A0E0BD}.Debug|Any CPU.Build.0 = Debug|Any CPU
		{75CE8138-49F7-5DCD-E831-D3F8D1A0E0BD}.Release|Any CPU.ActiveCfg = Release|Any CPU
		{75CE8138-49F7-5DCD-E831-D3F8D1A0E0BD}.Release|Any CPU.Build.0 = Release|Any CPU
		{0756B71F-3954-1745-A097-055B49BA8E4E}.Debug|Any CPU.ActiveCfg = Debug|Any CPU
		{0756B71F-3954-1745-A097-055B49BA8E4E}.Debug|Any CPU.Build.0 = Debug|Any CPU
		{0756B71F-3954-1745-A097-055B49BA8E4E}.Release|Any CPU.ActiveCfg = Release|Any CPU
		{0756B71F-3954-1745-A097-055B49BA8E4E}.Release|Any CPU.Build.0 = Release|Any CPU
		{78F7A56A-9589-91D1-EF79-508C547C7EB3}.Debug|Any CPU.ActiveCfg = Debug|Any CPU
		{78F7A56A-9589-91D1-EF79-508C547C7EB3}.Debug|Any CPU.Build.0 = Debug|Any CPU
		{78F7A56A-9589-91D1-EF79-508C547C7EB3}.Release|Any CPU.ActiveCfg = Release|Any CPU
		{78F7A56A-9589-91D1-EF79-508C547C7EB3}.Release|Any CPU.Build.0 = Release|Any CPU
		{AF5B3ADB-9166-F290-1595-4EB8A3505285}.Debug|Any CPU.ActiveCfg = Debug|Any CPU
		{AF5B3ADB-9166-F290-1595-4EB8A3505285}.Debug|Any CPU.Build.0 = Debug|Any CPU
		{AF5B3ADB-9166-F290-1595-4EB8A3505285}.Release|Any CPU.ActiveCfg = Release|Any CPU
		{AF5B3ADB-9166-F290-1595-4EB8A3505285}.Release|Any CPU.Build.0 = Release|Any CPU
		{51C2D728-0ECA-BCC7-5C09-F2BB77434090}.Debug|Any CPU.ActiveCfg = Debug|Any CPU
		{51C2D728-0ECA-BCC7-5C09-F2BB77434090}.Debug|Any CPU.Build.0 = Debug|Any CPU
		{51C2D728-0ECA-BCC7-5C09-F2BB77434090}.Release|Any CPU.ActiveCfg = Release|Any CPU
		{51C2D728-0ECA-BCC7-5C09-F2BB77434090}.Release|Any CPU.Build.0 = Release|Any CPU
		{19FFA406-9410-55E9-BEA3-20B347C3399F}.Debug|Any CPU.ActiveCfg = Debug|Any CPU
		{19FFA406-9410-55E9-BEA3-20B347C3399F}.Debug|Any CPU.Build.0 = Debug|Any CPU
		{19FFA406-9410-55E9-BEA3-20B347C3399F}.Release|Any CPU.ActiveCfg = Release|Any CPU
		{19FFA406-9410-55E9-BEA3-20B347C3399F}.Release|Any CPU.Build.0 = Release|Any CPU
		{D3E0CB89-D734-75DA-08FD-1006D140AC34}.Debug|Any CPU.ActiveCfg = Debug|Any CPU
		{D3E0CB89-D734-75DA-08FD-1006D140AC34}.Debug|Any CPU.Build.0 = Debug|Any CPU
		{D3E0CB89-D734-75DA-08FD-1006D140AC34}.Release|Any CPU.ActiveCfg = Release|Any CPU
		{D3E0CB89-D734-75DA-08FD-1006D140AC34}.Release|Any CPU.Build.0 = Release|Any CPU
		{58C37A8E-C73C-7B95-49AF-0E07D884169D}.Debug|Any CPU.ActiveCfg = Debug|Any CPU
		{58C37A8E-C73C-7B95-49AF-0E07D884169D}.Debug|Any CPU.Build.0 = Debug|Any CPU
		{58C37A8E-C73C-7B95-49AF-0E07D884169D}.Release|Any CPU.ActiveCfg = Release|Any CPU
		{58C37A8E-C73C-7B95-49AF-0E07D884169D}.Release|Any CPU.Build.0 = Release|Any CPU
		{8C929BD0-1DD1-E164-5939-9298285775ED}.Debug|Any CPU.ActiveCfg = Debug|Any CPU
		{8C929BD0-1DD1-E164-5939-9298285775ED}.Debug|Any CPU.Build.0 = Debug|Any CPU
		{8C929BD0-1DD1-E164-5939-9298285775ED}.Release|Any CPU.ActiveCfg = Release|Any CPU
		{8C929BD0-1DD1-E164-5939-9298285775ED}.Release|Any CPU.Build.0 = Release|Any CPU
		{A2B4ECB4-C4A2-9E12-D871-3F9B5D164C65}.Debug|Any CPU.ActiveCfg = Debug|Any CPU
		{A2B4ECB4-C4A2-9E12-D871-3F9B5D164C65}.Debug|Any CPU.Build.0 = Debug|Any CPU
		{A2B4ECB4-C4A2-9E12-D871-3F9B5D164C65}.Release|Any CPU.ActiveCfg = Release|Any CPU
		{A2B4ECB4-C4A2-9E12-D871-3F9B5D164C65}.Release|Any CPU.Build.0 = Release|Any CPU
		{3C5769ED-12CE-7A94-545C-08271E14EEF9}.Debug|Any CPU.ActiveCfg = Debug|Any CPU
		{3C5769ED-12CE-7A94-545C-08271E14EEF9}.Debug|Any CPU.Build.0 = Debug|Any CPU
		{3C5769ED-12CE-7A94-545C-08271E14EEF9}.Release|Any CPU.ActiveCfg = Release|Any CPU
		{3C5769ED-12CE-7A94-545C-08271E14EEF9}.Release|Any CPU.Build.0 = Release|Any CPU
		{2B2875D3-BAB5-26BE-D8A3-9210FD6E04BC}.Debug|Any CPU.ActiveCfg = Debug|Any CPU
		{2B2875D3-BAB5-26BE-D8A3-9210FD6E04BC}.Debug|Any CPU.Build.0 = Debug|Any CPU
		{2B2875D3-BAB5-26BE-D8A3-9210FD6E04BC}.Release|Any CPU.ActiveCfg = Release|Any CPU
		{2B2875D3-BAB5-26BE-D8A3-9210FD6E04BC}.Release|Any CPU.Build.0 = Release|Any CPU
		{5D591446-4424-C4C5-D04C-911F5A714F0B}.Debug|Any CPU.ActiveCfg = Debug|Any CPU
		{5D591446-4424-C4C5-D04C-911F5A714F0B}.Debug|Any CPU.Build.0 = Debug|Any CPU
		{5D591446-4424-C4C5-D04C-911F5A714F0B}.Release|Any CPU.ActiveCfg = Release|Any CPU
		{5D591446-4424-C4C5-D04C-911F5A714F0B}.Release|Any CPU.Build.0 = Release|Any CPU
		{32286F3E-72DE-4913-0E25-D97F88157EAB}.Debug|Any CPU.ActiveCfg = Debug|Any CPU
		{32286F3E-72DE-4913-0E25-D97F88157EAB}.Debug|Any CPU.Build.0 = Debug|Any CPU
		{32286F3E-72DE-4913-0E25-D97F88157EAB}.Release|Any CPU.ActiveCfg = Release|Any CPU
		{32286F3E-72DE-4913-0E25-D97F88157EAB}.Release|Any CPU.Build.0 = Release|Any CPU
		{371E6505-B00E-8EAB-B7B1-D9CEF9D68C1C}.Debug|Any CPU.ActiveCfg = Debug|Any CPU
		{371E6505-B00E-8EAB-B7B1-D9CEF9D68C1C}.Debug|Any CPU.Build.0 = Debug|Any CPU
		{371E6505-B00E-8EAB-B7B1-D9CEF9D68C1C}.Release|Any CPU.ActiveCfg = Release|Any CPU
		{371E6505-B00E-8EAB-B7B1-D9CEF9D68C1C}.Release|Any CPU.Build.0 = Release|Any CPU
		{C9BC4E0D-BA8D-C8D4-5199-74FCC102B6A1}.Debug|Any CPU.ActiveCfg = Debug|Any CPU
		{C9BC4E0D-BA8D-C8D4-5199-74FCC102B6A1}.Debug|Any CPU.Build.0 = Debug|Any CPU
		{C9BC4E0D-BA8D-C8D4-5199-74FCC102B6A1}.Release|Any CPU.ActiveCfg = Release|Any CPU
		{C9BC4E0D-BA8D-C8D4-5199-74FCC102B6A1}.Release|Any CPU.Build.0 = Release|Any CPU
		{2F370BC7-6B16-B4C8-DA58-86DF94A92696}.Debug|Any CPU.ActiveCfg = Debug|Any CPU
		{2F370BC7-6B16-B4C8-DA58-86DF94A92696}.Debug|Any CPU.Build.0 = Debug|Any CPU
		{2F370BC7-6B16-B4C8-DA58-86DF94A92696}.Release|Any CPU.ActiveCfg = Release|Any CPU
		{2F370BC7-6B16-B4C8-DA58-86DF94A92696}.Release|Any CPU.Build.0 = Release|Any CPU
		{72FC3E1D-5E89-4184-3A29-5996144AB65B}.Debug|Any CPU.ActiveCfg = Debug|Any CPU
		{72FC3E1D-5E89-4184-3A29-5996144AB65B}.Debug|Any CPU.Build.0 = Debug|Any CPU
		{72FC3E1D-5E89-4184-3A29-5996144AB65B}.Release|Any CPU.ActiveCfg = Release|Any CPU
		{72FC3E1D-5E89-4184-3A29-5996144AB65B}.Release|Any CPU.Build.0 = Release|Any CPU
		{7C6F8CE8-4252-72FC-D424-7DF6D432E510}.Debug|Any CPU.ActiveCfg = Debug|Any CPU
		{7C6F8CE8-4252-72FC-D424-7DF6D432E510}.Debug|Any CPU.Build.0 = Debug|Any CPU
		{7C6F8CE8-4252-72FC-D424-7DF6D432E510}.Release|Any CPU.ActiveCfg = Release|Any CPU
		{7C6F8CE8-4252-72FC-D424-7DF6D432E510}.Release|Any CPU.Build.0 = Release|Any CPU
		{918ADFB1-ADBC-82B9-4946-8BAACBEDE52C}.Debug|Any CPU.ActiveCfg = Debug|Any CPU
		{918ADFB1-ADBC-82B9-4946-8BAACBEDE52C}.Debug|Any CPU.Build.0 = Debug|Any CPU
		{918ADFB1-ADBC-82B9-4946-8BAACBEDE52C}.Release|Any CPU.ActiveCfg = Release|Any CPU
		{918ADFB1-ADBC-82B9-4946-8BAACBEDE52C}.Release|Any CPU.Build.0 = Release|Any CPU
		{659E26A6-2F6C-53AE-93A2-9F109BC077CA}.Debug|Any CPU.ActiveCfg = Debug|Any CPU
		{659E26A6-2F6C-53AE-93A2-9F109BC077CA}.Debug|Any CPU.Build.0 = Debug|Any CPU
		{659E26A6-2F6C-53AE-93A2-9F109BC077CA}.Release|Any CPU.ActiveCfg = Release|Any CPU
		{659E26A6-2F6C-53AE-93A2-9F109BC077CA}.Release|Any CPU.Build.0 = Release|Any CPU
		{98492F63-839C-6086-5ECF-C3AFFEA55270}.Debug|Any CPU.ActiveCfg = Debug|Any CPU
		{98492F63-839C-6086-5ECF-C3AFFEA55270}.Debug|Any CPU.Build.0 = Debug|Any CPU
		{98492F63-839C-6086-5ECF-C3AFFEA55270}.Release|Any CPU.ActiveCfg = Release|Any CPU
		{98492F63-839C-6086-5ECF-C3AFFEA55270}.Release|Any CPU.Build.0 = Release|Any CPU
	EndGlobalSection
	GlobalSection(SolutionProperties) = preSolution
		HideSolutionNode = FALSE
	EndGlobalSection
EndGlobal
